
Microsoft Visual Studio Solution File, Format Version 12.00
# Visual Studio Version 16
VisualStudioVersion = 16.0.30804.86
MinimumVisualStudioVersion = 10.0.40219.1
Project("{FAE04EC0-301F-11D3-BF4B-00C04F79EFBC}") = "SineWave", "SineWave\SineWave.csproj", "{E996E0DE-5945-4781-A248-C5C89ADF767E}"
EndProject
Global
	GlobalSection(SolutionConfigurationPlatforms) = preSolution
		Debug|Any CPU = Debug|Any CPU
		Release|Any CPU = Release|Any CPU
	EndGlobalSection
	GlobalSection(ProjectConfigurationPlatforms) = postSolution
		{E996E0DE-5945-4781-A248-C5C89ADF767E}.Debug|Any CPU.ActiveCfg = Debug|Any CPU
		{E996E0DE-5945-4781-A248-C5C89ADF767E}.Debug|Any CPU.Build.0 = Debug|Any CPU
		{E996E0DE-5945-4781-A248-C5C89ADF767E}.Release|Any CPU.ActiveCfg = Release|Any CPU
		{E996E0DE-5945-4781-A248-C5C89ADF767E}.Release|Any CPU.Build.0 = Release|Any CPU
	EndGlobalSection
	GlobalSection(SolutionProperties) = preSolution
		HideSolutionNode = FALSE
	EndGlobalSection
	GlobalSection(ExtensibilityGlobals) = postSolution
		SolutionGuid = {FD212B99-1FFA-4F4C-A770-9AF776865B5B}
	EndGlobalSection
EndGlobal
